
Microsoft Visual Studio Solution File, Format Version 12.00
# Visual Studio Version 17
VisualStudioVersion = 17.5.33414.496
MinimumVisualStudioVersion = 10.0.40219.1
Project("{FAE04EC0-301F-11D3-BF4B-00C04F79EFBC}") = "DesignPatterns", "DesignPatterns\DesignPatterns.csproj", "{A35718FE-537E-4A50-A1B0-CD690C588569}"
EndProject
Global
	GlobalSection(SolutionConfigurationPlatforms) = preSolution
		Debug|Any CPU = Debug|Any CPU
		Release|Any CPU = Release|Any CPU
	EndGlobalSection
	GlobalSection(ProjectConfigurationPlatforms) = postSolution
		{A35718FE-537E-4A50-A1B0-CD690C588569}.Debug|Any CPU.ActiveCfg = Debug|Any CPU
		{A35718FE-537E-4A50-A1B0-CD690C588569}.Debug|Any CPU.Build.0 = Debug|Any CPU
		{A35718FE-537E-4A50-A1B0-CD690C588569}.Release|Any CPU.ActiveCfg = Release|Any CPU
		{A35718FE-537E-4A50-A1B0-CD690C588569}.Release|Any CPU.Build.0 = Release|Any CPU
	EndGlobalSection
	GlobalSection(SolutionProperties) = preSolution
		HideSolutionNode = FALSE
	EndGlobalSection
	GlobalSection(ExtensibilityGlobals) = postSolution
		SolutionGuid = {0F9002F4-B12C-4845-8055-F23A17CBC5A7}
	EndGlobalSection
EndGlobal
